
Microsoft Visual Studio Solution File, Format Version 12.00
# Visual Studio 15
VisualStudioVersion = 15.0.28307.106
MinimumVisualStudioVersion = 10.0.40219.1
Project("{FAE04EC0-301F-11D3-BF4B-00C04F79EFBC}") = "Tinybib CS edition", "Tinybib CS edition\Tinybib CS edition.csproj", "{A98A2616-5C9C-4A2F-A31F-C773035C4CF6}"
EndProject
Project("{54435603-DBB4-11D2-8724-00A0C9A8B90C}") = "Tinybib2Installer", "Tinybib2Installer\Tinybib2Installer.vdproj", "{79C46239-CDA0-4C35-BB27-F002CA990810}"
EndProject
Global
	GlobalSection(SolutionConfigurationPlatforms) = preSolution
		Debug|Any CPU = Debug|Any CPU
		Release|Any CPU = Release|Any CPU
	EndGlobalSection
	GlobalSection(ProjectConfigurationPlatforms) = postSolution
		{A98A2616-5C9C-4A2F-A31F-C773035C4CF6}.Debug|Any CPU.ActiveCfg = Debug|Any CPU
		{A98A2616-5C9C-4A2F-A31F-C773035C4CF6}.Debug|Any CPU.Build.0 = Debug|Any CPU
		{A98A2616-5C9C-4A2F-A31F-C773035C4CF6}.Release|Any CPU.ActiveCfg = Release|Any CPU
		{A98A2616-5C9C-4A2F-A31F-C773035C4CF6}.Release|Any CPU.Build.0 = Release|Any CPU
		{79C46239-CDA0-4C35-BB27-F002CA990810}.Debug|Any CPU.ActiveCfg = Debug
		{79C46239-CDA0-4C35-BB27-F002CA990810}.Release|Any CPU.ActiveCfg = Release
	EndGlobalSection
	GlobalSection(SolutionProperties) = preSolution
		HideSolutionNode = FALSE
	EndGlobalSection
	GlobalSection(ExtensibilityGlobals) = postSolution
		SolutionGuid = {3D2D880D-7695-433F-83D4-4CEA12C04EB4}
	EndGlobalSection
EndGlobal
